schema: '2.0'
stages:
  featurize:
    cmd: .venv/bin/python src/featurize.py
    deps:
    - path: data/raw/sensitive_records.csv
      hash: md5
      md5: b144f4607a1568f049fce13f2d6b1847
      size: 290842
    - path: feature_repo/feature_store.yaml
      hash: md5
      md5: f0247cc5e27a8bf9b481faf1814c7ebb
      size: 213
    - path: feature_repo/repo.py
      hash: md5
      md5: 2938b8fb45a7a24ee465a3897f1d674a
      size: 1215
    - path: src/featurize.py
      hash: md5
      md5: f18d0fe752b89ddef587f26bec8d0945
      size: 1614
    - path: src/pii_detector.py
      hash: md5
      md5: 811b9531a5d1e8d9998ce00b9f3af2ff
      size: 8771
    outs:
    - path: data/processed/sensitive_features.parquet
      hash: md5
      md5: ee450f279a272397100703c3ee1f787e
      size: 71726
  train:
    cmd: .venv/bin/python src/train.py
    deps:
    - path: data/processed/sensitive_features.parquet
      hash: md5
      md5: ee450f279a272397100703c3ee1f787e
      size: 71726
    - path: feature_repo/feature_store.yaml
      hash: md5
      md5: f0247cc5e27a8bf9b481faf1814c7ebb
      size: 213
    - path: feature_repo/repo.py
      hash: md5
      md5: 2938b8fb45a7a24ee465a3897f1d674a
      size: 1215
    - path: params.yaml
      hash: md5
      md5: ea2063c431c87d0838dadc34e2ec927d
      size: 230
    - path: src/train.py
      hash: md5
      md5: 3177301858636ea12a815c14cf351c0d
      size: 5472
    params:
      params.yaml:
        mlflow.experiment_name: dpdp_sensitive_risk
        mlflow.model_alias: champion
        mlflow.registered_model_name: SensitiveDataRiskClassifier
        train.C: 1.0
        train.max_iter: 2000
        train.test_size: 0.2
    outs:
    - path: metrics/train_metrics.json
      hash: md5
      md5: 01e889edf32e73a1ed9ba5ccfa4463f6
      size: 137
  generate_data:
    cmd: .venv/bin/python src/generate_dataset.py
    outs:
    - path: data/raw/sensitive_records.csv
      hash: md5
      md5: b144f4607a1568f049fce13f2d6b1847
      size: 290842
